
Microsoft Visual Studio Solution File, Format Version 12.00
# Visual Studio Version 17
VisualStudioVersion = 17.3.32819.101
MinimumVisualStudioVersion = 10.0.40219.1
Project("{FAE04EC0-301F-11D3-BF4B-00C04F79EFBC}") = "Md2PdfPoc", "Md2PdfPoc\Md2PdfPoc.csproj", "{AB6AFF2B-05A0-4947-AAC8-F30269EFCB66}"
EndProject
Global
	GlobalSection(SolutionConfigurationPlatforms) = preSolution
		Debug|Any CPU = Debug|Any CPU
		Release|Any CPU = Release|Any CPU
	EndGlobalSection
	GlobalSection(ProjectConfigurationPlatforms) = postSolution
		{AB6AFF2B-05A0-4947-AAC8-F30269EFCB66}.Debug|Any CPU.ActiveCfg = Debug|Any CPU
		{AB6AFF2B-05A0-4947-AAC8-F30269EFCB66}.Debug|Any CPU.Build.0 = Debug|Any CPU
		{AB6AFF2B-05A0-4947-AAC8-F30269EFCB66}.Release|Any CPU.ActiveCfg = Release|Any CPU
		{AB6AFF2B-05A0-4947-AAC8-F30269EFCB66}.Release|Any CPU.Build.0 = Release|Any CPU
	EndGlobalSection
	GlobalSection(SolutionProperties) = preSolution
		HideSolutionNode = FALSE
	EndGlobalSection
	GlobalSection(ExtensibilityGlobals) = postSolution
		SolutionGuid = {8AF52069-D296-4536-80AE-CA4D4F0F673A}
	EndGlobalSection
EndGlobal
